// !$*UTF8*$!
{
	archiveVersion = 1;
	classes = {
	};
	objectVersion = 46;
	objects = {

/* Begin PBXBuildFile section */
		7D7B03731B8DBCDA0037C926 /* AppDelegate.swift in Sources */ = {isa = PBXBuildFile; fileRef = 7D7B03721B8DBCDA0037C926 /* AppDelegate.swift */; };
		7D7B03751B8DBCDA0037C926 /* ViewController.swift in Sources */ = {isa = PBXBuildFile; fileRef = 7D7B03741B8DBCDA0037C926 /* ViewController.swift */; };
		7D7B03771B8DBCDA0037C926 /* Images.xcassets in Resources */ = {isa = PBXBuildFile; fileRef = 7D7B03761B8DBCDA0037C926 /* Images.xcassets */; };
		7D7B037A1B8DBCDA0037C926 /* Main.storyboard in Resources */ = {isa = PBXBuildFile; fileRef = 7D7B03781B8DBCDA0037C926 /* Main.storyboard */; };
		7D7B03861B8DBCDA0037C926 /* CamerarTests.swift in Sources */ = {isa = PBXBuildFile; fileRef = 7D7B03851B8DBCDA0037C926 /* CamerarTests.swift */; };
/* End PBXBuildFile section */

/* Begin PBXContainerItemProxy section */
		7D7B03801B8DBCDA0037C926 /* PBXContainerItemProxy */ = {
			isa = PBXContainerItemProxy;
			containerPortal = 7D7B03651B8DBCDA0037C926 /* Project object */;
			proxyType = 1;
			remoteGlobalIDString = 7D7B036C1B8DBCDA0037C926;
			remoteInfo = Camerar;
		};
/* End PBXContainerItemProxy section */

/* Begin PBXFileReference section */
		7D7B036D1B8DBCDA0037C926 /* Camerar.app */ = {isa = PBXFileReference; explicitFileType = wrapper.application; includeInIndex = 0; path = Camerar.app; sourceTree = BUILT_PRODUCTS_DIR; };
		7D7B03711B8DBCDA0037C926 /* Info.plist */ = {isa = PBXFileReference; lastKnownFileType = text.plist.xml; path = Info.plist; sourceTree = "<group>"; };
		7D7B03721B8DBCDA0037C926 /* AppDelegate.swift */ = {isa = PBXFileReference; lastKnownFileType = sourcecode.swift; path = AppDelegate.swift; sourceTree = "<group>"; };
		7D7B03741B8DBCDA0037C926 /* ViewController.swift */ = {isa = PBXFileReference; lastKnownFileType = sourcecode.swift; path = ViewController.swift; sourceTree = "<group>"; };
		7D7B03761B8DBCDA0037C926 /* Images.xcassets */ = {isa = PBXFileReference; lastKnownFileType = folder.assetcatalog; path = Images.xcassets; sourceTree = "<group>"; };
		7D7B03791B8DBCDA0037C926 /* Base */ = {isa = PBXFileReference; lastKnownFileType = file.storyboard; name = Base; path = Base.lproj/Main.storyboard; sourceTree = "<group>"; };
		7D7B037F1B8DBCDA0037C926 /* CamerarTests.xctest */ = {isa = PBXFileReference; explicitFileType = wrapper.cfbundle; includeInIndex = 0; path = CamerarTests.xctest; sourceTree = BUILT_PRODUCTS_DIR; };
		7D7B03841B8DBCDA0037C926 /* Info.plist */ = {isa = PBXFileReference; lastKnownFileType = text.plist.xml; path = Info.plist; sourceTree = "<group>"; };
		7D7B03851B8DBCDA0037C926 /* CamerarTests.swift */ = {isa = PBXFileReference; lastKnownFileType = sourcecode.swift; path = CamerarTests.swift; sourceTree = "<group>"; };
/* End PBXFileReference section */

/* Begin PBXFrameworksBuildPhase section */
		7D7B036A1B8DBCDA0037C926 /* Frameworks */ = {
			isa = PBXFrameworksBuildPhase;
			buildActionMask = 2147483647;
			files = (
			);
			runOnlyForDeploymentPostprocessing = 0;
		};
		7D7B037C1B8DBCDA0037C926 /* Frameworks */ = {
			isa = PBXFrameworksBuildPhase;
			buildActionMask = 2147483647;
			files = (
			);
			runOnlyForDeploymentPostprocessing = 0;
		};
/* End PBXFrameworksBuildPhase section */

/* Begin PBXGroup section */
		7D7B03641B8DBCDA0037C926 = {
			isa = PBXGroup;
			children = (
				7D7B036F1B8DBCDA0037C926 /* Camerar */,
				7D7B03821B8DBCDA0037C926 /* CamerarTests */,
				7D7B036E1B8DBCDA0037C926 /* Products */,
			);
			sourceTree = "<group>";
		};
		7D7B036E1B8DBCDA0037C926 /* Products */ = {
			isa = PBXGroup;
			children = (
				7D7B036D1B8DBCDA0037C926 /* Camerar.app */,
				7D7B037F1B8DBCDA0037C926 /* CamerarTests.xctest */,
			);
			name = Products;
			sourceTree = "<group>";
		};
		7D7B036F1B8DBCDA0037C926 /* Camerar */ = {
			isa = PBXGroup;
			children = (
				7D7B03721B8DBCDA0037C926 /* AppDelegate.swift */,
				7D7B03741B8DBCDA0037C926 /* ViewController.swift */,
				7D7B03761B8DBCDA0037C926 /* Images.xcassets */,
				7D7B03781B8DBCDA0037C926 /* Main.storyboard */,
				7D7B03701B8DBCDA0037C926 /* Supporting Files */,
			);
			path = Camerar;
			sourceTree = "<group>";
		};
		7D7B03701B8DBCDA0037C926 /* Supporting Files */ = {
			isa = PBXGroup;
			children = (
				7D7B03711B8DBCDA0037C926 /* Info.plist */,
			);
			name = "Supporting Files";
			sourceTree = "<group>";
		};
		7D7B03821B8DBCDA0037C926 /* CamerarTests */ = {
			isa = PBXGroup;
			children = (
				7D7B03851B8DBCDA0037C926 /* CamerarTests.swift */,
				7D7B03831B8DBCDA0037C926 /* Supporting Files */,
			);
			path = CamerarTests;
			sourceTree = "<group>";
		};
		7D7B03831B8DBCDA0037C926 /* Supporting Files */ = {
			isa = PBXGroup;
			children = (
				7D7B03841B8DBCDA0037C926 /* Info.plist */,
			);
			name = "Supporting Files";
			sourceTree = "<group>";
		};
/* End PBXGroup section */

/* Begin PBXNativeTarget section */
		7D7B036C1B8DBCDA0037C926 /* Camerar */ = {
			isa = PBXNativeTarget;
			buildConfigurationList = 7D7B03891B8DBCDA0037C926 /* Build configuration list for PBXNativeTarget "Camerar" */;
			buildPhases = (
				7D7B03691B8DBCDA0037C926 /* Sources */,
				7D7B036A1B8DBCDA0037C926 /* Frameworks */,
				7D7B036B1B8DBCDA0037C926 /* Resources */,
			);
			buildRules = (
			);
			dependencies = (
			);
			name = Camerar;
			productName = Camerar;
			productReference = 7D7B036D1B8DBCDA0037C926 /* Camerar.app */;
			productType = "com.apple.product-type.application";
		};
		7D7B037E1B8DBCDA0037C926 /* CamerarTests */ = {
			isa = PBXNativeTarget;
			buildConfigurationList = 7D7B038C1B8DBCDA0037C926 /* Build configuration list for PBXNativeTarget "CamerarTests" */;
			buildPhases = (
				7D7B037B1B8DBCDA0037C926 /* Sources */,
				7D7B037C1B8DBCDA0037C926 /* Frameworks */,
				7D7B037D1B8DBCDA0037C926 /* Resources */,
			);
			buildRules = (
			);
			dependencies = (
				7D7B03811B8DBCDA0037C926 /* PBXTargetDependency */,
			);
			name = CamerarTests;
			productName = CamerarTests;
			productReference = 7D7B037F1B8DBCDA0037C926 /* CamerarTests.xctest */;
			productType = "com.apple.product-type.bundle.unit-test";
		};
/* End PBXNativeTarget section */

/* Begin PBXProject section */
		7D7B03651B8DBCDA0037C926 /* Project object */ = {
			isa = PBXProject;
			attributes = {
				LastUpgradeCheck = 0640;
				ORGANIZATIONNAME = "仁泉 大輔";
				TargetAttributes = {
					7D7B036C1B8DBCDA0037C926 = {
						CreatedOnToolsVersion = 6.4;
					};
					7D7B037E1B8DBCDA0037C926 = {
						CreatedOnToolsVersion = 6.4;
						TestTargetID = 7D7B036C1B8DBCDA0037C926;
					};
				};
			};
			buildConfigurationList = 7D7B03681B8DBCDA0037C926 /* Build configuration list for PBXProject "Camerar" */;
			compatibilityVersion = "Xcode 3.2";
			developmentRegion = English;
			hasScannedForEncodings = 0;
			knownRegions = (
				en,
				Base,
			);
			mainGroup = 7D7B03641B8DBCDA0037C926;
			productRefGroup = 7D7B036E1B8DBCDA0037C926 /* Products */;
			projectDirPath = "";
			projectRoot = "";
			targets = (
				7D7B036C1B8DBCDA0037C926 /* Camerar */,
				7D7B037E1B8DBCDA0037C926 /* CamerarTests */,
			);
		};
/* End PBXProject section */

/* Begin PBXResourcesBuildPhase section */
		7D7B036B1B8DBCDA0037C926 /* Resources */ = {
			isa = PBXResourcesBuildPhase;
			buildActionMask = 2147483647;
			files = (
				7D7B03771B8DBCDA0037C926 /* Images.xcassets in Resources */,
				7D7B037A1B8DBCDA0037C926 /* Main.storyboard in Resources */,
			);
			runOnlyForDeploymentPostprocessing = 0;
		};
		7D7B037D1B8DBCDA0037C926 /* Resources */ = {
			isa = PBXResourcesBuildPhase;
			buildActionMask = 2147483647;
			files = (
			);
			runOnlyForDeploymentPostprocessing = 0;
		};
/* End PBXResourcesBuildPhase section */

/* Begin PBXSourcesBuildPhase section */
		7D7B03691B8DBCDA0037C926 /* Sources */ = {
			isa = PBXSourcesBuildPhase;
			buildActionMask = 2147483647;
			files = (
				7D7B03751B8DBCDA0037C926 /* ViewController.swift in Sources */,
				7D7B03731B8DBCDA0037C926 /* AppDelegate.swift in Sources */,
			);
			runOnlyForDeploymentPostprocessing = 0;
		};
		7D7B037B1B8DBCDA0037C926 /* Sources */ = {
			isa = PBXSourcesBuildPhase;
			buildActionMask = 2147483647;
			files = (
				7D7B03861B8DBCDA0037C926 /* CamerarTests.swift in Sources */,
			);
			runOnlyForDeploymentPostprocessing = 0;
		};
/* End PBXSourcesBuildPhase section */

/* Begin PBXTargetDependency section */
		7D7B03811B8DBCDA0037C926 /* PBXTargetDependency */ = {
			isa = PBXTargetDependency;
			target = 7D7B036C1B8DBCDA0037C926 /* Camerar */;
			targetProxy = 7D7B03801B8DBCDA0037C926 /* PBXContainerItemProxy */;
		};
/* End PBXTargetDependency section */

/* Begin PBXVariantGroup section */
		7D7B03781B8DBCDA0037C926 /* Main.storyboard */ = {
			isa = PBXVariantGroup;
			children = (
				7D7B03791B8DBCDA0037C926 /* Base */,
			);
			name = Main.storyboard;
			sourceTree = "<group>";
		};
/* End PBXVariantGroup section */

/* Begin XCBuildConfiguration section */
		7D7B03871B8DBCDA0037C926 /* Debug */ = {
			isa = XCBuildConfiguration;
			buildSettings = {
				ALWAYS_SEARCH_USER_PATHS = NO;
				CLANG_CXX_LANGUAGE_STANDARD = "gnu++0x";
				CLANG_CXX_LIBRARY = "libc++";
				CLANG_ENABLE_MODULES = YES;
				CLANG_ENABLE_OBJC_ARC = YES;
				CLANG_WARN_BOOL_CONVERSION = YES;
				CLANG_WARN_CONSTANT_CONVERSION = YES;
				CLANG_WARN_DIRECT_OBJC_ISA_USAGE = YES_ERROR;
				CLANG_WARN_EMPTY_BODY = YES;
				CLANG_WARN_ENUM_CONVERSION = YES;
				CLANG_WARN_INT_CONVERSION = YES;
				CLANG_WARN_OBJC_ROOT_CLASS = YES_ERROR;
				CLANG_WARN_UNREACHABLE_CODE = YES;
				CLANG_WARN__DUPLICATE_METHOD_MATCH = YES;
				CODE_SIGN_IDENTITY = "-";
				COPY_PHASE_STRIP = NO;
				DEBUG_INFORMATION_FORMAT = dwarf;
				ENABLE_STRICT_OBJC_MSGSEND = YES;
				GCC_C_LANGUAGE_STANDARD = gnu99;
				GCC_DYNAMIC_NO_PIC = NO;
				GCC_NO_COMMON_BLOCKS = YES;
				GCC_OPTIMIZATION_LEVEL = 0;
				GCC_PREPROCESSOR_DEFINITIONS = (
					"DEBUG=1",
					"$(inherited)",
				);
				GCC_SYMBOLS_PRIVATE_EXTERN = NO;
				GCC_WARN_64_TO_32_BIT_CONVERSION = YES;
				GCC_WARN_ABOUT_RETURN_TYPE = YES_ERROR;
				GCC_WARN_UNDECLARED_SELECTOR = YES;
				GCC_WARN_UNINITIALIZED_AUTOS = YES_AGGRESSIVE;
				GCC_WARN_UNUSED_FUNCTION = YES;
				GCC_WARN_UNUSED_VARIABLE = YES;
				MACOSX_DEPLOYMENT_TARGET = 10.10;
				MTL_ENABLE_DEBUG_INFO = YES;
				ONLY_ACTIVE_ARCH = YES;
				SDKROOT = macosx;
				SWIFT_OPTIMIZATION_LEVEL = "-Onone";
			};
			name = Debug;
		};
		7D7B03881B8DBCDA0037C926 /* Release */ = {
			isa = XCBuildConfiguration;
			buildSettings = {
				ALWAYS_SEARCH_USER_PATHS = NO;
				CLANG_CXX_LANGUAGE_STANDARD = "gnu++0x";
				CLANG_CXX_LIBRARY = "libc++";
				CLANG_ENABLE_MODULES = YES;
				CLANG_ENABLE_OBJC_ARC = YES;
				CLANG_WARN_BOOL_CONVERSION = YES;
				CLANG_WARN_CONSTANT_CONVERSION = YES;
				CLANG_WARN_DIRECT_OBJC_ISA_USAGE = YES_ERROR;
				CLANG_WARN_EMPTY_BODY = YES;
				CLANG_WARN_ENUM_CONVERSION = YES;
				CLANG_WARN_INT_CONVERSION = YES;
				CLANG_WARN_OBJC_ROOT_CLASS = YES_ERROR;
				CLANG_WARN_UNREACHABLE_CODE = YES;
				CLANG_WARN__DUPLICATE_METHOD_MATCH = YES;
				CODE_SIGN_IDENTITY = "-";
				COPY_PHASE_STRIP = NO;
				DEBUG_INFORMATION_FORMAT = "dwarf-with-dsym";
				ENABLE_NS_ASSERTIONS = NO;
				ENABLE_STRICT_OBJC_MSGSEND = YES;
				GCC_C_LANGUAGE_STANDARD = gnu99;
				GCC_NO_COMMON_BLOCKS = YES;
				GCC_WARN_64_TO_32_BIT_CONVERSION = YES;
				GCC_WARN_ABOUT_RETURN_TYPE = YES_ERROR;
				GCC_WARN_UNDECLARED_SELECTOR = YES;
				GCC_WARN_UNINITIALIZED_AUTOS = YES_AGGRESSIVE;
				GCC_WARN_UNUSED_FUNCTION = YES;
				GCC_WARN_UNUSED_VARIABLE = YES;
				MACOSX_DEPLOYMENT_TARGET = 10.10;
				MTL_ENABLE_DEBUG_INFO = NO;
				SDKROOT = macosx;
			};
			name = Release;
		};
		7D7B038A1B8DBCDA0037C926 /* Debug */ = {
			isa = XCBuildConfiguration;
			buildSettings = {
				ASSETCATALOG_COMPILER_APPICON_NAME = AppIcon;
				COMBINE_HIDPI_IMAGES = YES;
				INFOPLIST_FILE = Camerar/Info.plist;
				LD_RUNPATH_SEARCH_PATHS = "$(inherited) @executable_path/../Frameworks";
				PRODUCT_NAME = "$(TARGET_NAME)";
			};
			name = Debug;
		};
		7D7B038B1B8DBCDA0037C926 /* Release */ = {
			isa = XCBuildConfiguration;
			buildSettings = {
				ASSETCATALOG_COMPILER_APPICON_NAME = AppIcon;
				COMBINE_HIDPI_IMAGES = YES;
				INFOPLIST_FILE = Camerar/Info.plist;
				LD_RUNPATH_SEARCH_PATHS = "$(inherited) @executable_path/../Frameworks";
				PRODUCT_NAME = "$(TARGET_NAME)";
			};
			name = Release;
		};
		7D7B038D1B8DBCDA0037C926 /* Debug */ = {
			isa = XCBuildConfiguration;
			buildSettings = {
				BUNDLE_LOADER = "$(TEST_HOST)";
				COMBINE_HIDPI_IMAGES = YES;
				FRAMEWORK_SEARCH_PATHS = (
					"$(DEVELOPER_FRAMEWORKS_DIR)",
					"$(inherited)",
				);
				GCC_PREPROCESSOR_DEFINITIONS = (
					"DEBUG=1",
					"$(inherited)",
				);
				INFOPLIST_FILE = CamerarTests/Info.plist;
				LD_RUNPATH_SEARCH_PATHS = "$(inherited) @executable_path/../Frameworks @loader_path/../Frameworks";
				PRODUCT_NAME = "$(TARGET_NAME)";
				TEST_HOST = "$(BUILT_PRODUCTS_DIR)/Camerar.app/Contents/MacOS/Camerar";
			};
			name = Debug;
		};
		7D7B038E1B8DBCDA0037C926 /* Release */ = {
			isa = XCBuildConfiguration;
			buildSettings = {
				BUNDLE_LOADER = "$(TEST_HOST)";
				COMBINE_HIDPI_IMAGES = YES;
				FRAMEWORK_SEARCH_PATHS = (
					"$(DEVELOPER_FRAMEWORKS_DIR)",
					"$(inherited)",
				);
				INFOPLIST_FILE = CamerarTests/Info.plist;
				LD_RUNPATH_SEARCH_PATHS = "$(inherited) @executable_path/../Frameworks @loader_path/../Frameworks";
				PRODUCT_NAME = "$(TARGET_NAME)";
				TEST_HOST = "$(BUILT_PRODUCTS_DIR)/Camerar.app/Contents/MacOS/Camerar";
			};
			name = Release;
		};
/* End XCBuildConfiguration section */

/* Begin XCConfigurationList section */
		7D7B03681B8DBCDA0037C926 /* Build configuration list for PBXProject "Camerar" */ = {
			isa = XCConfigurationList;
			buildConfigurations = (
				7D7B03871B8DBCDA0037C926 /* Debug */,
				7D7B03881B8DBCDA0037C926 /* Release */,
			);
			defaultConfigurationIsVisible = 0;
			defaultConfigurationName = Release;
		};
		7D7B03891B8DBCDA0037C926 /* Build configuration list for PBXNativeTarget "Camerar" */ = {
			isa = XCConfigurationList;
			buildConfigurations = (
				7D7B038A1B8DBCDA0037C926 /* Debug */,
				7D7B038B1B8DBCDA0037C926 /* Release */,
			);
			defaultConfigurationIsVisible = 0;
		};
		7D7B038C1B8DBCDA0037C926 /* Build configuration list for PBXNativeTarget "CamerarTests" */ = {
			isa = XCConfigurationList;
			buildConfigurations = (
				7D7B038D1B8DBCDA0037C926 /* Debug */,
				7D7B038E1B8DBCDA0037C926 /* Release */,
			);
			defaultConfigurationIsVisible = 0;
		};
/* End XCConfigurationList section */
	};
	rootObject = 7D7B03651B8DBCDA0037C926 /* Project object */;
}
